
Microsoft Visual Studio Solution File, Format Version 11.00
# Visual C++ Express 2010
Project("{8BC9CEB8-8B4A-11D0-8D11-00A0C91BC942}") = "Frogger", "Frogger.vcxproj", "{033492BE-B84A-45C1-978E-B36918EE229D}"
EndProject
Global
	GlobalSection(SolutionConfigurationPlatforms) = preSolution
		Debug|Win32 = Debug|Win32
		Release|Win32 = Release|Win32
	EndGlobalSection
	GlobalSection(ProjectConfigurationPlatforms) = postSolution
		{033492BE-B84A-45C1-978E-B36918EE229D}.Debug|Win32.ActiveCfg = Debug|Win32
		{033492BE-B84A-45C1-978E-B36918EE229D}.Debug|Win32.Build.0 = Debug|Win32
		{033492BE-B84A-45C1-978E-B36918EE229D}.Release|Win32.ActiveCfg = Release|Win32
		{033492BE-B84A-45C1-978E-B36918EE229D}.Release|Win32.Build.0 = Release|Win32
	EndGlobalSection
	GlobalSection(SolutionProperties) = preSolution
		HideSolutionNode = FALSE
	EndGlobalSection
EndGlobal
